
Microsoft Visual Studio Solution File, Format Version 12.00
# Visual Studio Version 17
VisualStudioVersion = 17.9.34714.143
MinimumVisualStudioVersion = 10.0.40219.1
Project("{FAE04EC0-301F-11D3-BF4B-00C04F79EFBC}") = "Huffman Coding Demo", "Huffman Coding Demo\Huffman Coding Demo.csproj", "{43C6C3D2-1A43-4F61-9344-F7760B0327BC}"
EndProject
Global
	GlobalSection(SolutionConfigurationPlatforms) = preSolution
		Debug|Any CPU = Debug|Any CPU
		Release|Any CPU = Release|Any CPU
	EndGlobalSection
	GlobalSection(ProjectConfigurationPlatforms) = postSolution
		{43C6C3D2-1A43-4F61-9344-F7760B0327BC}.Debug|Any CPU.ActiveCfg = Debug|Any CPU
		{43C6C3D2-1A43-4F61-9344-F7760B0327BC}.Debug|Any CPU.Build.0 = Debug|Any CPU
		{43C6C3D2-1A43-4F61-9344-F7760B0327BC}.Release|Any CPU.ActiveCfg = Release|Any CPU
		{43C6C3D2-1A43-4F61-9344-F7760B0327BC}.Release|Any CPU.Build.0 = Release|Any CPU
	EndGlobalSection
	GlobalSection(SolutionProperties) = preSolution
		HideSolutionNode = FALSE
	EndGlobalSection
	GlobalSection(ExtensibilityGlobals) = postSolution
		SolutionGuid = {FE7A5E62-C086-4306-B98E-77CA9019DEF9}
	EndGlobalSection
EndGlobal
